
Microsoft Visual Studio Solution File, Format Version 12.00
# Visual Studio Version 17
VisualStudioVersion = 17.8.34511.84
MinimumVisualStudioVersion = 10.0.40219.1
Project("{FAE04EC0-301F-11D3-BF4B-00C04F79EFBC}") = "CQCMS.Dashboard", "CQCMS.Dashboard\CQCMS.Dashboard.csproj", "{0270110A-CF45-43D9-AD53-AD7C2164F3B5}"
EndProject
Project("{FAE04EC0-301F-11D3-BF4B-00C04F79EFBC}") = "CQCMS.API", "CQCMS.API\CQCMS.API.csproj", "{045FD554-5660-4695-8ED1-3B41C97CBD86}"
EndProject
Project("{FAE04EC0-301F-11D3-BF4B-00C04F79EFBC}") = "CQCMS.EmailApp", "CQCMS.EmailApp\CQCMS.EmailApp.csproj", "{DBC27B5C-8D41-4A8B-8634-E3D429470BAE}"
EndProject
Project("{FAE04EC0-301F-11D3-BF4B-00C04F79EFBC}") = "CQCMS.Entities", "CQCMS.Entities\CQCMS.Entities.csproj", "{A385A6AB-F9DB-4E02-91C6-4C9FEC6AFB81}"
EndProject
Project("{FAE04EC0-301F-11D3-BF4B-00C04F79EFBC}") = "CQCMS.Providers", "CQCMS.Providers\CQCMS.Providers.csproj", "{CBBC7999-8D61-47D9-B078-CD357BBD0F14}"
EndProject
Project("{FAE04EC0-301F-11D3-BF4B-00C04F79EFBC}") = "CQCMS.CommonHelpers", "CQCMS.CommonHelpers\CQCMS.CommonHelpers.csproj", "{53A2E2DA-E0EF-4F73-A728-25EC2C4F0059}"
EndProject
Global
	GlobalSection(SolutionConfigurationPlatforms) = preSolution
		Debug|Any CPU = Debug|Any CPU
		Release|Any CPU = Release|Any CPU
	EndGlobalSection
	GlobalSection(ProjectConfigurationPlatforms) = postSolution
		{0270110A-CF45-43D9-AD53-AD7C2164F3B5}.Debug|Any CPU.ActiveCfg = Debug|Any CPU
		{0270110A-CF45-43D9-AD53-AD7C2164F3B5}.Debug|Any CPU.Build.0 = Debug|Any CPU
		{0270110A-CF45-43D9-AD53-AD7C2164F3B5}.Release|Any CPU.ActiveCfg = Release|Any CPU
		{0270110A-CF45-43D9-AD53-AD7C2164F3B5}.Release|Any CPU.Build.0 = Release|Any CPU
		{045FD554-5660-4695-8ED1-3B41C97CBD86}.Debug|Any CPU.ActiveCfg = Debug|Any CPU
		{045FD554-5660-4695-8ED1-3B41C97CBD86}.Debug|Any CPU.Build.0 = Debug|Any CPU
		{045FD554-5660-4695-8ED1-3B41C97CBD86}.Release|Any CPU.ActiveCfg = Release|Any CPU
		{045FD554-5660-4695-8ED1-3B41C97CBD86}.Release|Any CPU.Build.0 = Release|Any CPU
		{DBC27B5C-8D41-4A8B-8634-E3D429470BAE}.Debug|Any CPU.ActiveCfg = Debug|Any CPU
		{DBC27B5C-8D41-4A8B-8634-E3D429470BAE}.Debug|Any CPU.Build.0 = Debug|Any CPU
		{DBC27B5C-8D41-4A8B-8634-E3D429470BAE}.Release|Any CPU.ActiveCfg = Release|Any CPU
		{DBC27B5C-8D41-4A8B-8634-E3D429470BAE}.Release|Any CPU.Build.0 = Release|Any CPU
		{A385A6AB-F9DB-4E02-91C6-4C9FEC6AFB81}.Debug|Any CPU.ActiveCfg = Debug|Any CPU
		{A385A6AB-F9DB-4E02-91C6-4C9FEC6AFB81}.Debug|Any CPU.Build.0 = Debug|Any CPU
		{A385A6AB-F9DB-4E02-91C6-4C9FEC6AFB81}.Release|Any CPU.ActiveCfg = Release|Any CPU
		{A385A6AB-F9DB-4E02-91C6-4C9FEC6AFB81}.Release|Any CPU.Build.0 = Release|Any CPU
		{CBBC7999-8D61-47D9-B078-CD357BBD0F14}.Debug|Any CPU.ActiveCfg = Debug|Any CPU
		{CBBC7999-8D61-47D9-B078-CD357BBD0F14}.Debug|Any CPU.Build.0 = Debug|Any CPU
		{CBBC7999-8D61-47D9-B078-CD357BBD0F14}.Release|Any CPU.ActiveCfg = Release|Any CPU
		{CBBC7999-8D61-47D9-B078-CD357BBD0F14}.Release|Any CPU.Build.0 = Release|Any CPU
		{53A2E2DA-E0EF-4F73-A728-25EC2C4F0059}.Debug|Any CPU.ActiveCfg = Debug|Any CPU
		{53A2E2DA-E0EF-4F73-A728-25EC2C4F0059}.Debug|Any CPU.Build.0 = Debug|Any CPU
		{53A2E2DA-E0EF-4F73-A728-25EC2C4F0059}.Release|Any CPU.ActiveCfg = Release|Any CPU
		{53A2E2DA-E0EF-4F73-A728-25EC2C4F0059}.Release|Any CPU.Build.0 = Release|Any CPU
	EndGlobalSection
	GlobalSection(SolutionProperties) = preSolution
		HideSolutionNode = FALSE
	EndGlobalSection
	GlobalSection(ExtensibilityGlobals) = postSolution
		SolutionGuid = {B715334C-512A-409A-AF71-9B4772C79679}
	EndGlobalSection
EndGlobal
